
Microsoft Visual Studio Solution File, Format Version 12.00
# Visual Studio Version 16
VisualStudioVersion = 16.0.29911.84
MinimumVisualStudioVersion = 10.0.40219.1
Project("{9A19103F-16F7-4668-BE54-9A1E7A4F7556}") = "PMIS", "PMIS\PMIS.csproj", "{EA93CA7A-54E4-43DD-923D-B9C3E55FCAC0}"
EndProject
Project("{9A19103F-16F7-4668-BE54-9A1E7A4F7556}") = "BMISBLayer", "BMISBLayer\BMISBLayer.csproj", "{91F6D048-EDEE-400F-9554-7C668822C3B0}"
EndProject
Global
	GlobalSection(SolutionConfigurationPlatforms) = preSolution
		Debug|Any CPU = Debug|Any CPU
		Release|Any CPU = Release|Any CPU
	EndGlobalSection
	GlobalSection(ProjectConfigurationPlatforms) = postSolution
		{EA93CA7A-54E4-43DD-923D-B9C3E55FCAC0}.Debug|Any CPU.ActiveCfg = Debug|Any CPU
		{EA93CA7A-54E4-43DD-923D-B9C3E55FCAC0}.Debug|Any CPU.Build.0 = Debug|Any CPU
		{EA93CA7A-54E4-43DD-923D-B9C3E55FCAC0}.Release|Any CPU.ActiveCfg = Release|Any CPU
		{EA93CA7A-54E4-43DD-923D-B9C3E55FCAC0}.Release|Any CPU.Build.0 = Release|Any CPU
		{91F6D048-EDEE-400F-9554-7C668822C3B0}.Debug|Any CPU.ActiveCfg = Debug|Any CPU
		{91F6D048-EDEE-400F-9554-7C668822C3B0}.Debug|Any CPU.Build.0 = Debug|Any CPU
		{91F6D048-EDEE-400F-9554-7C668822C3B0}.Release|Any CPU.ActiveCfg = Release|Any CPU
		{91F6D048-EDEE-400F-9554-7C668822C3B0}.Release|Any CPU.Build.0 = Release|Any CPU
	EndGlobalSection
	GlobalSection(SolutionProperties) = preSolution
		HideSolutionNode = FALSE
	EndGlobalSection
	GlobalSection(ExtensibilityGlobals) = postSolution
		SolutionGuid = {0189973C-9A0C-430A-A72A-8F1DB751FB8A}
	EndGlobalSection
EndGlobal
